dependencies:
  '@atom-ide-community/nuclide-commons': 'link:../../../../nuclide-commons'
  '@atom-ide-community/nuclide-commons-atom': 'link:../../..'
  '@atom-ide-community/nuclide-commons-ui': 'link:../../../../nuclide-commons-ui'
  classnames: 2.2.5
  log4js: 1.1.1
  react: 15.3.1
  react-dom: 15.3.1_react@15.3.1
  rxjs: 5.3.1
lockfileVersion: 5.1
packages:
  /asap/2.0.6:
    dev: false
    resolution:
      integrity: sha1-5QNHYR1+aQlDIIu9r+vLwvuGbUY=
  /classnames/2.2.5:
    dev: false
    resolution:
      integrity: sha1-+zgB1FNGdknvNgPH1hoCvRKb3m0=
  /core-js/1.2.7:
    deprecated: 'core-js@<3 is no longer maintained and not recommended for usage due to the number of issues. Please, upgrade your dependencies to the actual version of core-js@3.'
    dev: false
    resolution:
      integrity: sha1-ZSKUwUZR2yj6k70tX/KYOk8IxjY=
  /core-util-is/1.0.2:
    dev: false
    resolution:
      integrity: sha1-tf1UIgqivFq1eqtxQMlAdUUDwac=
  /date-format/0.0.0:
    dev: false
    resolution:
      integrity: sha1-CSBoY6sHDrRZrOpVQsvYVrEZZrM=
  /debug/0.7.4:
    dev: false
    resolution:
      integrity: sha1-BuHqgILCyxTjmAbiLi9vdX+Srzk=
  /debug/2.6.9:
    dependencies:
      ms: 2.0.0
    dev: false
    resolution:
      integrity: sha512-bC7ElrdJaJnPbAP+1EotYvqZsb3ecl5wi6Bfi6BJTUcNowp6cvspg0jXznRTKDjm/E7AdgFBVeAPVMNcKGsHMA==
  /encoding/0.1.13:
    dependencies:
      iconv-lite: 0.6.2
    dev: false
    resolution:
      integrity: sha512-ETBauow1T35Y/WZMkio9jiM0Z5xjHHmJ4XmjZOq1l/dXz3lr2sRn87nJy20RupqSh1F2m3HHPSp8ShIPQJrJ3A==
  /fbjs/0.8.17:
    dependencies:
      core-js: 1.2.7
      isomorphic-fetch: 2.2.1
      loose-envify: 1.4.0
      object-assign: 4.1.1
      promise: 7.3.1
      setimmediate: 1.0.5
      ua-parser-js: 0.7.22
    dev: false
    resolution:
      integrity: sha1-xNWY6taUkRJlPWWIsBpc3Nn5D90=
  /iconv-lite/0.6.2:
    dependencies:
      safer-buffer: 2.1.2
    dev: false
    engines:
      node: '>=0.10.0'
    resolution:
      integrity: sha512-2y91h5OpQlolefMPmUlivelittSWy0rP+oYVpn6A7GwVHNE8AWzoYOBNmlwks3LobaJxgHCYZAnyNo2GgpNRNQ==
  /inherits/2.0.4:
    dev: false
    resolution:
      integrity: sha512-k/vGaX4/Yla3WzyMCvTQOXYeIHvqOKtnqBduzTHpzpQZzAskKMhZ2K+EnBiSM9zGSoIFeMpXKxa4dYeZIQqewQ==
  /is-stream/1.1.0:
    dev: false
    engines:
      node: '>=0.10.0'
    resolution:
      integrity: sha1-EtSj3U5o4Lec6428hBc66A2RykQ=
  /isarray/0.0.1:
    dev: false
    resolution:
      integrity: sha1-ihis/Kmo9Bd+Cav8YDiTmwXR7t8=
  /isomorphic-fetch/2.2.1:
    dependencies:
      node-fetch: 1.7.3
      whatwg-fetch: 3.4.1
    dev: false
    resolution:
      integrity: sha1-YRrhrPFPXoH3KVB0coGf6XM1WKk=
  /js-tokens/4.0.0:
    dev: false
    resolution:
      integrity: sha512-RdJUflcE3cUzKiMqQgsCu06FPu9UdIJO0beYbPhHN4k6apgJtifcoCtT9bcxOpYBtpD2kCM6Sbzg4CausW/PKQ==
  /log4js/1.1.1:
    dependencies:
      debug: 2.6.9
      semver: 5.7.1
      streamroller: 0.4.1
    dev: false
    engines:
      node: '>=0.12'
    resolution:
      integrity: sha1-wh0px2BAieTyVYM+f5SzRh3h/0M=
  /loose-envify/1.4.0:
    dependencies:
      js-tokens: 4.0.0
    dev: false
    hasBin: true
    resolution:
      integrity: sha512-lyuxPGr/Wfhrlem2CL/UcnUc1zcqKAImBDzukY7Y5F/yQiNdko6+fRLevlw1HgMySw7f611UIY408EtxRSoK3Q==
  /minimist/1.2.5:
    dev: false
    resolution:
      integrity: sha512-FM9nNUYrRBAELZQT3xeZQ7fmMOBg6nWNmJKTcgsJeaLstP/UODVpGsr5OhXhhXg6f+qtJ8uiZ+PUxkDWcgIXLw==
  /mkdirp/0.5.5:
    dependencies:
      minimist: 1.2.5
    dev: false
    hasBin: true
    resolution:
      integrity: sha512-NKmAlESf6jMGym1++R0Ra7wvhV+wFW63FaSOFPwRahvea0gMUcGUhVeAg/0BC0wiv9ih5NYPB1Wn1UEI1/L+xQ==
  /ms/2.0.0:
    dev: false
    resolution:
      integrity: sha1-VgiurfwAvmwpAd9fmGF4jeDVl8g=
  /node-fetch/1.7.3:
    dependencies:
      encoding: 0.1.13
      is-stream: 1.1.0
    dev: false
    resolution:
      integrity: sha512-NhZ4CsKx7cYm2vSrBAr2PvFOe6sWDf0UYLRqA6svUYg7+/TSfVAu49jYC4BvQ4Sms9SZgdqGBgroqfDhJdTyKQ==
  /object-assign/4.1.1:
    dev: false
    engines:
      node: '>=0.10.0'
    resolution:
      integrity: sha1-IQmtx5ZYh8/AXLvUQsrIv7s2CGM=
  /promise/7.3.1:
    dependencies:
      asap: 2.0.6
    dev: false
    resolution:
      integrity: sha512-nolQXZ/4L+bP/UGlkfaIujX9BKxGwmQ9OT4mOt5yvy8iK1h3wqTEJCijzGANTCCl9nWjY41juyAn2K3Q1hLLTg==
  /react-dom/15.3.1_react@15.3.1:
    dependencies:
      react: 15.3.1
    dev: false
    peerDependencies:
      react: ^15.3.1
    resolution:
      integrity: sha1-bULNK2TIxeC2k/P/rsMB5uYn4k4=
  /react/15.3.1:
    dependencies:
      fbjs: 0.8.17
      loose-envify: 1.4.0
      object-assign: 4.1.1
    dev: false
    engines:
      node: '>=0.10.0'
    resolution:
      integrity: sha1-94UB7YwuxubjHDIjZS6X8TadK9Y=
  /readable-stream/1.1.14:
    dependencies:
      core-util-is: 1.0.2
      inherits: 2.0.4
      isarray: 0.0.1
      string_decoder: 0.10.31
    dev: false
    resolution:
      integrity: sha1-fPTFTvZI44EwhMY23SB54WbAgdk=
  /rxjs/5.3.1:
    dependencies:
      symbol-observable: 1.2.0
    dev: false
    engines:
      npm: '>=2.0.0'
    resolution:
      integrity: sha1-nsyeciJH5PRJDTCoeFd6N0D9DLc=
  /safer-buffer/2.1.2:
    dev: false
    resolution:
      integrity: sha512-YZo3K82SD7Riyi0E1EQPojLz7kpepnSQI9IyPbHHg1XXXevb5dJI7tpyN2ADxGcQbHG7vcyRHk0cbwqcQriUtg==
  /semver/5.7.1:
    dev: false
    hasBin: true
    resolution:
      integrity: sha512-sauaDf/PZdVgrLTNYHRtpXa1iRiKcaebiKQ1BJdpQlWH2lCvexQdX55snPFyK7QzpudqbCI0qXFfOasHdyNDGQ==
  /setimmediate/1.0.5:
    dev: false
    resolution:
      integrity: sha1-KQy7Iy4waULX1+qbg3Mqt4VvgoU=
  /streamroller/0.4.1:
    dependencies:
      date-format: 0.0.0
      debug: 0.7.4
      mkdirp: 0.5.5
      readable-stream: 1.1.14
    dev: false
    engines:
      node: '>=0.12.0'
    resolution:
      integrity: sha1-1DW9WXQ3Or2b2QaDWVEwhRBswF8=
  /string_decoder/0.10.31:
    dev: false
    resolution:
      integrity: sha1-YuIDvEF2bGwoyfyEMB2rHFMQ+pQ=
  /symbol-observable/1.2.0:
    dev: false
    engines:
      node: '>=0.10.0'
    resolution:
      integrity: sha512-e900nM8RRtGhlV36KGEU9k65K3mPb1WV70OdjfxlG2EAuM1noi/E/BaW/uMhL7bPEssK8QV57vN3esixjUvcXQ==
  /ua-parser-js/0.7.22:
    dev: false
    resolution:
      integrity: sha512-YUxzMjJ5T71w6a8WWVcMGM6YWOTX27rCoIQgLXiWaxqXSx9D7DNjiGWn1aJIRSQ5qr0xuhra77bSIh6voR/46Q==
  /whatwg-fetch/3.4.1:
    dev: false
    resolution:
      integrity: sha512-sofZVzE1wKwO+EYPbWfiwzaKovWiZXf4coEzjGP9b2GBVgQRLQUZ2QcuPpQExGDAW5GItpEm6Tl4OU5mywnAoQ==
specifiers:
  '@atom-ide-community/nuclide-commons': latest
  '@atom-ide-community/nuclide-commons-atom': latest
  '@atom-ide-community/nuclide-commons-ui': latest
  classnames: 2.2.5
  log4js: 1.1.1
  react: 15.3.1
  react-dom: 15.3.1
  rxjs: 5.3.1
