dependencies:
  '@atom-ide-community/nuclide-commons': 'link:../nuclide-commons'
  heap: 0.2.6
  log4js: 1.1.1
  nuclide-prebuilt-libs: 0.5.2
lockfileVersion: 5.1
packages:
  /core-util-is/1.0.2:
    dev: false
    resolution:
      integrity: sha1-tf1UIgqivFq1eqtxQMlAdUUDwac=
  /date-format/0.0.0:
    dev: false
    resolution:
      integrity: sha1-CSBoY6sHDrRZrOpVQsvYVrEZZrM=
  /debug/0.7.4:
    dev: false
    resolution:
      integrity: sha1-BuHqgILCyxTjmAbiLi9vdX+Srzk=
  /debug/2.6.9:
    dependencies:
      ms: 2.0.0
    dev: false
    resolution:
      integrity: sha512-bC7ElrdJaJnPbAP+1EotYvqZsb3ecl5wi6Bfi6BJTUcNowp6cvspg0jXznRTKDjm/E7AdgFBVeAPVMNcKGsHMA==
  /heap/0.2.6:
    dev: false
    resolution:
      integrity: sha1-CH4fELBGky/IWU3Z5tN4r8nR5aw=
  /inherits/2.0.4:
    dev: false
    resolution:
      integrity: sha512-k/vGaX4/Yla3WzyMCvTQOXYeIHvqOKtnqBduzTHpzpQZzAskKMhZ2K+EnBiSM9zGSoIFeMpXKxa4dYeZIQqewQ==
  /isarray/0.0.1:
    dev: false
    resolution:
      integrity: sha1-ihis/Kmo9Bd+Cav8YDiTmwXR7t8=
  /log4js/1.1.1:
    dependencies:
      debug: 2.6.9
      semver: 5.7.1
      streamroller: 0.4.1
    dev: false
    engines:
      node: '>=0.12'
    resolution:
      integrity: sha1-wh0px2BAieTyVYM+f5SzRh3h/0M=
  /minimist/1.2.5:
    dev: false
    resolution:
      integrity: sha512-FM9nNUYrRBAELZQT3xeZQ7fmMOBg6nWNmJKTcgsJeaLstP/UODVpGsr5OhXhhXg6f+qtJ8uiZ+PUxkDWcgIXLw==
  /mkdirp/0.5.5:
    dependencies:
      minimist: 1.2.5
    dev: false
    hasBin: true
    resolution:
      integrity: sha512-NKmAlESf6jMGym1++R0Ra7wvhV+wFW63FaSOFPwRahvea0gMUcGUhVeAg/0BC0wiv9ih5NYPB1Wn1UEI1/L+xQ==
  /ms/2.0.0:
    dev: false
    resolution:
      integrity: sha1-VgiurfwAvmwpAd9fmGF4jeDVl8g=
  /nuclide-prebuilt-libs/0.5.2:
    dev: false
    resolution:
      integrity: sha512-RbQXeEXtb1VqVJ2RdqqOqdvaGrrB+cnT0VpNgXXNUs0RHrOtFAK8MCNC9Bul5+cm/8VoOrHmZGwViSj/n7uEKg==
  /readable-stream/1.1.14:
    dependencies:
      core-util-is: 1.0.2
      inherits: 2.0.4
      isarray: 0.0.1
      string_decoder: 0.10.31
    dev: false
    resolution:
      integrity: sha1-fPTFTvZI44EwhMY23SB54WbAgdk=
  /semver/5.7.1:
    dev: false
    hasBin: true
    resolution:
      integrity: sha512-sauaDf/PZdVgrLTNYHRtpXa1iRiKcaebiKQ1BJdpQlWH2lCvexQdX55snPFyK7QzpudqbCI0qXFfOasHdyNDGQ==
  /streamroller/0.4.1:
    dependencies:
      date-format: 0.0.0
      debug: 0.7.4
      mkdirp: 0.5.5
      readable-stream: 1.1.14
    dev: false
    engines:
      node: '>=0.12.0'
    resolution:
      integrity: sha1-1DW9WXQ3Or2b2QaDWVEwhRBswF8=
  /string_decoder/0.10.31:
    dev: false
    resolution:
      integrity: sha1-YuIDvEF2bGwoyfyEMB2rHFMQ+pQ=
specifiers:
  '@atom-ide-community/nuclide-commons': latest
  heap: 0.2.6
  log4js: 1.1.1
  nuclide-prebuilt-libs: 0.5.2
