dependencies:
  '@atom-ide-community/nuclide-commons': 'link:../nuclide-commons'
  '@atom-ide-community/nuclide-commons-atom': 'link:../nuclide-commons-atom'
  anser: 1.4.6
  classnames: 2.2.5
  dedent: 0.7.0
  diffparser: 1.1.0
  escape-carriage: 1.2.0
  escape-html: 1.0.3
  escape-string-regexp: 1.0.5
  idx: 1.2.0
  invariant: 2.2.2
  lodash: 4.17.20
  log4js: 1.1.1
  moment: 2.21.0
  nullthrows: 1.0.0
  react: 16.6.3
  react-dom: 16.6.3_react@16.6.3
  react-virtualized: 9.20.1_react-dom@16.6.3+react@16.6.3
  rxjs-compat: 6.3.3
  semver: 5.5.0
  shallowequal: 1.1.0
  tabbable: 1.1.0
  tiny-date-picker: 3.2.6
lockfileVersion: 5.1
packages:
  /@babel/runtime/7.11.2:
    dependencies:
      regenerator-runtime: 0.13.7
    dev: false
    resolution:
      integrity: sha512-TeWkU52so0mPtDcaCTxNBI/IHiz0pZgr8VEFqXFtZWpYD08ZB6FaSwVAS8MKRQAP3bYKiVjwysOJgMFY28o6Tw==
  /anser/1.4.6:
    dev: false
    resolution:
      integrity: sha512-dt6DExaJBHjxbe+9k3BYFmg6CwhfHuI8RQ3cF2fnInC0LZ8LTTHeeyNa3YrMn4IYQ7Jz88S5BG36HO/xyiyusQ==
  /babel-runtime/6.26.0:
    dependencies:
      core-js: 2.6.11
      regenerator-runtime: 0.11.1
    dev: false
    resolution:
      integrity: sha1-llxwWGaOgrVde/4E/yM3vItWR/4=
  /classnames/2.2.5:
    dev: false
    resolution:
      integrity: sha1-+zgB1FNGdknvNgPH1hoCvRKb3m0=
  /core-js/2.6.11:
    deprecated: 'core-js@<3 is no longer maintained and not recommended for usage due to the number of issues. Please, upgrade your dependencies to the actual version of core-js@3.'
    dev: false
    requiresBuild: true
    resolution:
      integrity: sha512-5wjnpaT/3dV+XB4borEsnAYQchn00XSgTAWKDkEqv+K8KevjbzmofK6hfJ9TZIlpj2N0xQpazy7PiRQiWHqzWg==
  /core-util-is/1.0.2:
    dev: false
    resolution:
      integrity: sha1-tf1UIgqivFq1eqtxQMlAdUUDwac=
  /date-format/0.0.0:
    dev: false
    resolution:
      integrity: sha1-CSBoY6sHDrRZrOpVQsvYVrEZZrM=
  /debug/0.7.4:
    dev: false
    resolution:
      integrity: sha1-BuHqgILCyxTjmAbiLi9vdX+Srzk=
  /debug/2.6.9:
    dependencies:
      ms: 2.0.0
    dev: false
    resolution:
      integrity: sha512-bC7ElrdJaJnPbAP+1EotYvqZsb3ecl5wi6Bfi6BJTUcNowp6cvspg0jXznRTKDjm/E7AdgFBVeAPVMNcKGsHMA==
  /dedent/0.7.0:
    dev: false
    resolution:
      integrity: sha1-JJXduvbrh0q7Dhvp3yLS5aVEMmw=
  /diffparser/1.1.0:
    dev: false
    resolution:
      integrity: sha1-oG8Tn1LPUCiw4Ki8KOFgr0hjDVg=
  /dom-helpers/3.4.0:
    dependencies:
      '@babel/runtime': 7.11.2
    dev: false
    resolution:
      integrity: sha512-LnuPJ+dwqKDIyotW1VzmOZ5TONUN7CwkCR5hrgawTUbkBGYdeoNLZo6nNfGkCrjtE1nXXaj7iMMpDa8/d9WoIA==
  /escape-carriage/1.2.0:
    dev: false
    resolution:
      integrity: sha1-Nc5Rp5YO/LWui7Wbg/VmqYyUbf0=
  /escape-html/1.0.3:
    dev: false
    resolution:
      integrity: sha1-Aljq5NPQwJdN4cFpGI7wBR0dGYg=
  /escape-string-regexp/1.0.5:
    dev: false
    engines:
      node: '>=0.8.0'
    resolution:
      integrity: sha1-G2HAViGQqN/2rjuyzwIAyhMLhtQ=
  /idx/1.2.0:
    dev: false
    resolution:
      integrity: sha1-vk9B+4K+1XH2U2Lnmt0n4K509pE=
  /inherits/2.0.4:
    dev: false
    resolution:
      integrity: sha512-k/vGaX4/Yla3WzyMCvTQOXYeIHvqOKtnqBduzTHpzpQZzAskKMhZ2K+EnBiSM9zGSoIFeMpXKxa4dYeZIQqewQ==
  /invariant/2.2.2:
    dependencies:
      loose-envify: 1.4.0
    dev: false
    resolution:
      integrity: sha1-nh9WrArNtr8wMwbzOL47IErmA2A=
  /isarray/0.0.1:
    dev: false
    resolution:
      integrity: sha1-ihis/Kmo9Bd+Cav8YDiTmwXR7t8=
  /js-tokens/4.0.0:
    dev: false
    resolution:
      integrity: sha512-RdJUflcE3cUzKiMqQgsCu06FPu9UdIJO0beYbPhHN4k6apgJtifcoCtT9bcxOpYBtpD2kCM6Sbzg4CausW/PKQ==
  /lodash/4.17.20:
    dev: false
    resolution:
      integrity: sha512-PlhdFcillOINfeV7Ni6oF1TAEayyZBoZ8bcshTHqOYJYlrqzRK5hagpagky5o4HfCzzd1TRkXPMFq6cKk9rGmA==
  /log4js/1.1.1:
    dependencies:
      debug: 2.6.9
      semver: 5.5.0
      streamroller: 0.4.1
    dev: false
    engines:
      node: '>=0.12'
    resolution:
      integrity: sha1-wh0px2BAieTyVYM+f5SzRh3h/0M=
  /loose-envify/1.4.0:
    dependencies:
      js-tokens: 4.0.0
    dev: false
    hasBin: true
    resolution:
      integrity: sha512-lyuxPGr/Wfhrlem2CL/UcnUc1zcqKAImBDzukY7Y5F/yQiNdko6+fRLevlw1HgMySw7f611UIY408EtxRSoK3Q==
  /minimist/1.2.5:
    dev: false
    resolution:
      integrity: sha512-FM9nNUYrRBAELZQT3xeZQ7fmMOBg6nWNmJKTcgsJeaLstP/UODVpGsr5OhXhhXg6f+qtJ8uiZ+PUxkDWcgIXLw==
  /mkdirp/0.5.5:
    dependencies:
      minimist: 1.2.5
    dev: false
    hasBin: true
    resolution:
      integrity: sha512-NKmAlESf6jMGym1++R0Ra7wvhV+wFW63FaSOFPwRahvea0gMUcGUhVeAg/0BC0wiv9ih5NYPB1Wn1UEI1/L+xQ==
  /moment/2.21.0:
    dev: false
    resolution:
      integrity: sha512-TCZ36BjURTeFTM/CwRcViQlfkMvL1/vFISuNLO5GkcVm1+QHfbSiNqZuWeMFjj1/3+uAjXswgRk30j1kkLYJBQ==
  /ms/2.0.0:
    dev: false
    resolution:
      integrity: sha1-VgiurfwAvmwpAd9fmGF4jeDVl8g=
  /nullthrows/1.0.0:
    dev: false
    resolution:
      integrity: sha1-NHFeU7nevgdQp3Iz/UlKWDWi2Zk=
  /object-assign/4.1.1:
    dev: false
    engines:
      node: '>=0.10.0'
    resolution:
      integrity: sha1-IQmtx5ZYh8/AXLvUQsrIv7s2CGM=
  /prop-types/15.7.2:
    dependencies:
      loose-envify: 1.4.0
      object-assign: 4.1.1
      react-is: 16.13.1
    dev: false
    resolution:
      integrity: sha512-8QQikdH7//R2vurIJSutZ1smHYTcLpRWEOlHnzcWHmBYrOGUysKwSsrC89BCiFj3CbrfJ/nXFdJepOVrY1GCHQ==
  /react-dom/16.6.3_react@16.6.3:
    dependencies:
      loose-envify: 1.4.0
      object-assign: 4.1.1
      prop-types: 15.7.2
      react: 16.6.3
      scheduler: 0.11.3
    dev: false
    peerDependencies:
      react: ^16.6.3
    resolution:
      integrity: sha512-8ugJWRCWLGXy+7PmNh8WJz3g1TaTUt1XyoIcFN+x0Zbkoz+KKdUyx1AQLYJdbFXjuF41Nmjn5+j//rxvhFjgSQ==
  /react-is/16.13.1:
    dev: false
    resolution:
      integrity: sha512-24e6ynE2H+OKt4kqsOvNd8kBpV65zoxbA4BVsEOB3ARVWQki/DHzaUoC5KuON/BiccDaCCTZBuOcfZs70kR8bQ==
  /react-lifecycles-compat/3.0.4:
    dev: false
    resolution:
      integrity: sha512-fBASbA6LnOU9dOU2eW7aQ8xmYBSXUIWr+UmF9b1efZBazGNO+rcXT/icdKnYm2pTwcRylVUYwW7H1PHfLekVzA==
  /react-virtualized/9.20.1_react-dom@16.6.3+react@16.6.3:
    dependencies:
      babel-runtime: 6.26.0
      classnames: 2.2.5
      dom-helpers: 3.4.0
      loose-envify: 1.4.0
      prop-types: 15.7.2
      react: 16.6.3
      react-dom: 16.6.3_react@16.6.3
      react-lifecycles-compat: 3.0.4
    dev: false
    peerDependencies:
      react: ^15.3.0 || ^16.0.0-alpha
      react-dom: ^15.3.0 || ^16.0.0-alpha
    resolution:
      integrity: sha512-xIWxBsyNAjceqD3hsE0nw5TcDVxKbIepsHhvS2XneHmNz0KlKxdLdGBmGZBM9ZesEmbZ5EO0Sw70TB1MeCmpbQ==
  /react/16.6.3:
    dependencies:
      loose-envify: 1.4.0
      object-assign: 4.1.1
      prop-types: 15.7.2
      scheduler: 0.11.3
    dev: false
    engines:
      node: '>=0.10.0'
    resolution:
      integrity: sha512-zCvmH2vbEolgKxtqXL2wmGCUxUyNheYn/C+PD1YAjfxHC54+MhdruyhO7QieQrYsYeTxrn93PM2y0jRH1zEExw==
  /readable-stream/1.1.14:
    dependencies:
      core-util-is: 1.0.2
      inherits: 2.0.4
      isarray: 0.0.1
      string_decoder: 0.10.31
    dev: false
    resolution:
      integrity: sha1-fPTFTvZI44EwhMY23SB54WbAgdk=
  /regenerator-runtime/0.11.1:
    dev: false
    resolution:
      integrity: sha512-MguG95oij0fC3QV3URf4V2SDYGJhJnJGqvIIgdECeODCT98wSWDAJ94SSuVpYQUoTcGUIL6L4yNB7j1DFFHSBg==
  /regenerator-runtime/0.13.7:
    dev: false
    resolution:
      integrity: sha512-a54FxoJDIr27pgf7IgeQGxmqUNYrcV338lf/6gH456HZ/PhX+5BcwHXG9ajESmwe6WRO0tAzRUrRmNONWgkrew==
  /rxjs-compat/6.3.3:
    dev: false
    resolution:
      integrity: sha512-caGN7ixiabHpOofginKEquuHk7GgaCrC7UpUQ9ZqGp80tMc68msadOeP/2AKy2R4YJsT1+TX5GZCtxO82qWkyA==
  /scheduler/0.11.3:
    dependencies:
      loose-envify: 1.4.0
      object-assign: 4.1.1
    dev: false
    resolution:
      integrity: sha512-i9X9VRRVZDd3xZw10NY5Z2cVMbdYg6gqFecfj79USv1CFN+YrJ3gIPRKf1qlY+Sxly4djoKdfx1T+m9dnRB8kQ==
  /semver/5.5.0:
    dev: false
    hasBin: true
    resolution:
      integrity: sha512-4SJ3dm0WAwWy/NVeioZh5AntkdJoWKxHxcmyP622fOkgHa4z3R0TdBJICINyaSDE6uNwVc8gZr+ZinwZAH4xIA==
  /shallowequal/1.1.0:
    dev: false
    resolution:
      integrity: sha512-y0m1JoUZSlPAjXVtPPW70aZWfIL/dSP7AFkRnniLCrK/8MDKog3TySTBmckD+RObVxH0v4Tox67+F14PdED2oQ==
  /streamroller/0.4.1:
    dependencies:
      date-format: 0.0.0
      debug: 0.7.4
      mkdirp: 0.5.5
      readable-stream: 1.1.14
    dev: false
    engines:
      node: '>=0.12.0'
    resolution:
      integrity: sha1-1DW9WXQ3Or2b2QaDWVEwhRBswF8=
  /string_decoder/0.10.31:
    dev: false
    resolution:
      integrity: sha1-YuIDvEF2bGwoyfyEMB2rHFMQ+pQ=
  /tabbable/1.1.0:
    dev: false
    resolution:
      integrity: sha512-35UF7YrX08Wj5+CFFwO5akQYE4UFICvOY/xQ7Dgduhxb5QW7IS/d0DeLO9DnRzwVyfyiz6vRPj3MYhPt/Zopiw==
  /tiny-date-picker/3.2.6:
    dev: false
    resolution:
      integrity: sha512-SX72rn7Hjr8tqy6OGFjQe8Fs0wnPdT6tqpzBbTWRNHM2p3n1DVsC8YHmYbwoyu7vzTXnCGCw4ShWbmM7nE7ByQ==
specifiers:
  '@atom-ide-community/nuclide-commons': 0.7.4
  '@atom-ide-community/nuclide-commons-atom': 0.7.3-dev
  anser: 1.4.6
  classnames: 2.2.5
  dedent: 0.7.0
  diffparser: 1.1.0
  escape-carriage: 1.2.0
  escape-html: 1.0.3
  escape-string-regexp: 1.0.5
  idx: 1.2.0
  invariant: 2.2.2
  lodash: 4.17.20
  log4js: 1.1.1
  moment: 2.21.0
  nullthrows: 1.0.0
  react: 16.6.3
  react-dom: 16.6.3
  react-virtualized: 9.20.1
  rxjs-compat: 6.3.3
  semver: 5.5.0
  shallowequal: 1.1.0
  tabbable: 1.1.0
  tiny-date-picker: 3.2.6
