dependencies:
  '@atom-ide-community/nuclide-adb': 'link:../nuclide-adb'
  '@atom-ide-community/nuclide-commons': 'link:../nuclide-commons'
  '@atom-ide-community/nuclide-commons-atom': 'link:../nuclide-commons-atom'
  '@atom-ide-community/nuclide-commons-ui': 'link:../nuclide-commons-ui'
  idx: 1.2.0
  immutable: 4.0.0-rc.9
  invariant: 2.2.2
  nullthrows: 1.0.0
  react: 16.6.3
  rxjs-compat: 6.3.3
  uuid: 3.0.1
  vscode-debugprotocol: 1.24.0
lockfileVersion: 5.1
packages:
  /idx/1.2.0:
    dev: false
    resolution:
      integrity: sha1-vk9B+4K+1XH2U2Lnmt0n4K509pE=
  /immutable/4.0.0-rc.9:
    dev: false
    resolution:
      integrity: sha512-uw4u9Jy3G2Y1qkIFtEGy9NgJxFJT1l3HKgeSFHfrvy91T8W54cJoQ+qK3fTwhil8XkEHuc2S+MI+fbD0vKObDA==
  /invariant/2.2.2:
    dependencies:
      loose-envify: 1.4.0
    dev: false
    resolution:
      integrity: sha1-nh9WrArNtr8wMwbzOL47IErmA2A=
  /js-tokens/4.0.0:
    dev: false
    resolution:
      integrity: sha512-RdJUflcE3cUzKiMqQgsCu06FPu9UdIJO0beYbPhHN4k6apgJtifcoCtT9bcxOpYBtpD2kCM6Sbzg4CausW/PKQ==
  /loose-envify/1.4.0:
    dependencies:
      js-tokens: 4.0.0
    dev: false
    hasBin: true
    resolution:
      integrity: sha512-lyuxPGr/Wfhrlem2CL/UcnUc1zcqKAImBDzukY7Y5F/yQiNdko6+fRLevlw1HgMySw7f611UIY408EtxRSoK3Q==
  /nullthrows/1.0.0:
    dev: false
    resolution:
      integrity: sha1-NHFeU7nevgdQp3Iz/UlKWDWi2Zk=
  /object-assign/4.1.1:
    dev: false
    engines:
      node: '>=0.10.0'
    resolution:
      integrity: sha1-IQmtx5ZYh8/AXLvUQsrIv7s2CGM=
  /prop-types/15.7.2:
    dependencies:
      loose-envify: 1.4.0
      object-assign: 4.1.1
      react-is: 16.13.1
    dev: false
    resolution:
      integrity: sha512-8QQikdH7//R2vurIJSutZ1smHYTcLpRWEOlHnzcWHmBYrOGUysKwSsrC89BCiFj3CbrfJ/nXFdJepOVrY1GCHQ==
  /react-is/16.13.1:
    dev: false
    resolution:
      integrity: sha512-24e6ynE2H+OKt4kqsOvNd8kBpV65zoxbA4BVsEOB3ARVWQki/DHzaUoC5KuON/BiccDaCCTZBuOcfZs70kR8bQ==
  /react/16.6.3:
    dependencies:
      loose-envify: 1.4.0
      object-assign: 4.1.1
      prop-types: 15.7.2
      scheduler: 0.11.3
    dev: false
    engines:
      node: '>=0.10.0'
    resolution:
      integrity: sha512-zCvmH2vbEolgKxtqXL2wmGCUxUyNheYn/C+PD1YAjfxHC54+MhdruyhO7QieQrYsYeTxrn93PM2y0jRH1zEExw==
  /rxjs-compat/6.3.3:
    dev: false
    resolution:
      integrity: sha512-caGN7ixiabHpOofginKEquuHk7GgaCrC7UpUQ9ZqGp80tMc68msadOeP/2AKy2R4YJsT1+TX5GZCtxO82qWkyA==
  /scheduler/0.11.3:
    dependencies:
      loose-envify: 1.4.0
      object-assign: 4.1.1
    dev: false
    resolution:
      integrity: sha512-i9X9VRRVZDd3xZw10NY5Z2cVMbdYg6gqFecfj79USv1CFN+YrJ3gIPRKf1qlY+Sxly4djoKdfx1T+m9dnRB8kQ==
  /uuid/3.0.1:
    dev: false
    hasBin: true
    resolution:
      integrity: sha1-ZUS7ot/ajBzxfmKaOjBeK7H+5sE=
  /vscode-debugprotocol/1.24.0:
    dev: false
    resolution:
      integrity: sha1-28EOjX2VsQJyehmvPw/O9+JSsI4=
specifiers:
  '@atom-ide-community/nuclide-adb': latest
  '@atom-ide-community/nuclide-commons': latest
  '@atom-ide-community/nuclide-commons-atom': latest
  '@atom-ide-community/nuclide-commons-ui': latest
  idx: 1.2.0
  immutable: 4.0.0-rc.9
  invariant: 2.2.2
  nullthrows: 1.0.0
  react: 16.6.3
  rxjs-compat: 6.3.3
  uuid: 3.0.1
  vscode-debugprotocol: 1.24.0
