dependencies:
  '@atom-ide-community/nuclide-commons': 'link:../nuclide-commons'
  escape-string-regexp: 1.0.5
  idb-keyval: 2.3.0
  idx: 1.2.0
  lodash: 4.17.20
  log4js: 1.1.1
  lru-cache: 4.0.2
  nullthrows: 1.0.0
  redux-logger: 3.0.6
  rxjs-compat: 6.3.3
  season: 6.0.2
  semver: 5.5.0
  shallowequal: 1.1.0
  toml: 2.3.3
  vscode-jsonrpc: 3.3.0
devDependencies:
  temp: 0.9.1
lockfileVersion: 5.1
packages:
  /ansi-regex/2.1.1:
    dev: false
    engines:
      node: '>=0.10.0'
    resolution:
      integrity: sha1-w7M6te42DYbg5ijwRorn7yfWVN8=
  /async/1.5.2:
    dev: false
    resolution:
      integrity: sha1-7GphrlZIDAw8skHJVhjiCJL5Zyo=
  /balanced-match/1.0.0:
    resolution:
      integrity: sha1-ibTRmasr7kneFk6gK4nORi1xt2c=
  /brace-expansion/1.1.11:
    dependencies:
      balanced-match: 1.0.0
      concat-map: 0.0.1
    resolution:
      integrity: sha512-iCuPHDFgrHX7H2vEI/5xpz07zSHB00TpugqhmYtVmMO6518mCuRMoOYFldEBl0g187ufozdaHgWKcYFb61qGiA==
  /camelcase/2.1.1:
    dev: false
    engines:
      node: '>=0.10.0'
    resolution:
      integrity: sha1-fB0W1nmhu+WcoCys7PsBHiAfWh8=
  /cliui/3.2.0:
    dependencies:
      string-width: 1.0.2
      strip-ansi: 3.0.1
      wrap-ansi: 2.1.0
    dev: false
    resolution:
      integrity: sha1-EgYBU3qRbSmUD5NNo7SNWFo5IT0=
  /code-point-at/1.1.0:
    dev: false
    engines:
      node: '>=0.10.0'
    resolution:
      integrity: sha1-DQcLTQQ6W+ozovGkDi7bPZpMz3c=
  /coffee-script/1.12.7:
    deprecated: CoffeeScript on NPM has moved to "coffeescript" (no hyphen)
    dev: false
    engines:
      node: '>=0.8.0'
    hasBin: true
    resolution:
      integrity: sha512-fLeEhqwymYat/MpTPUjSKHVYYl0ec2mOyALEMLmzr5i1isuG+6jfI2j2d5oBO3VIzgUXgBVIcOT9uH1TFxBckw==
  /concat-map/0.0.1:
    resolution:
      integrity: sha1-2Klr13/Wjfd5OnMDajug1UBdR3s=
  /core-util-is/1.0.2:
    dev: false
    resolution:
      integrity: sha1-tf1UIgqivFq1eqtxQMlAdUUDwac=
  /cson-parser/1.3.5:
    dependencies:
      coffee-script: 1.12.7
    dev: false
    resolution:
      integrity: sha1-fsZ14DkUVTO/KmqFYHPxWZ2cLSQ=
  /date-format/0.0.0:
    dev: false
    resolution:
      integrity: sha1-CSBoY6sHDrRZrOpVQsvYVrEZZrM=
  /debug/0.7.4:
    dev: false
    resolution:
      integrity: sha1-BuHqgILCyxTjmAbiLi9vdX+Srzk=
  /debug/2.6.9:
    dependencies:
      ms: 2.0.0
    dev: false
    resolution:
      integrity: sha512-bC7ElrdJaJnPbAP+1EotYvqZsb3ecl5wi6Bfi6BJTUcNowp6cvspg0jXznRTKDjm/E7AdgFBVeAPVMNcKGsHMA==
  /decamelize/1.2.0:
    dev: false
    engines:
      node: '>=0.10.0'
    resolution:
      integrity: sha1-9lNNFRSCabIDUue+4m9QH5oZEpA=
  /deep-diff/0.3.8:
    dev: false
    resolution:
      integrity: sha1-wB3mPvsO7JeYgB1Ax+Da4ltYLIQ=
  /escape-string-regexp/1.0.5:
    dev: false
    engines:
      node: '>=0.8.0'
    resolution:
      integrity: sha1-G2HAViGQqN/2rjuyzwIAyhMLhtQ=
  /fs-plus/3.1.1:
    dependencies:
      async: 1.5.2
      mkdirp: 0.5.5
      rimraf: 2.7.1
      underscore-plus: 1.7.0
    dev: false
    resolution:
      integrity: sha512-Se2PJdOWXqos1qVTkvqqjb0CSnfBnwwD+pq+z4ksT+e97mEShod/hrNg0TRCCsXPbJzcIq+NuzQhigunMWMJUA==
  /fs.realpath/1.0.0:
    resolution:
      integrity: sha1-FQStJSMVjKpA20onh8sBQRmU6k8=
  /glob/7.1.6:
    dependencies:
      fs.realpath: 1.0.0
      inflight: 1.0.6
      inherits: 2.0.4
      minimatch: 3.0.4
      once: 1.4.0
      path-is-absolute: 1.0.1
    resolution:
      integrity: sha512-LwaxwyZ72Lk7vZINtNNrywX0ZuLyStrdDtabefZKAY5ZGJhVtgdznluResxNmPitE0SAO+O26sWTHeKSI2wMBA==
  /idb-keyval/2.3.0:
    dev: false
    resolution:
      integrity: sha1-TURLgMP4b8vNUTIbTcvJJHxZSMA=
  /idx/1.2.0:
    dev: false
    resolution:
      integrity: sha1-vk9B+4K+1XH2U2Lnmt0n4K509pE=
  /inflight/1.0.6:
    dependencies:
      once: 1.4.0
      wrappy: 1.0.2
    resolution:
      integrity: sha1-Sb1jMdfQLQwJvJEKEHW6gWW1bfk=
  /inherits/2.0.4:
    resolution:
      integrity: sha512-k/vGaX4/Yla3WzyMCvTQOXYeIHvqOKtnqBduzTHpzpQZzAskKMhZ2K+EnBiSM9zGSoIFeMpXKxa4dYeZIQqewQ==
  /invert-kv/1.0.0:
    dev: false
    engines:
      node: '>=0.10.0'
    resolution:
      integrity: sha1-EEqOSqym09jNFXqO+L+rLXo//bY=
  /is-fullwidth-code-point/1.0.0:
    dependencies:
      number-is-nan: 1.0.1
    dev: false
    engines:
      node: '>=0.10.0'
    resolution:
      integrity: sha1-754xOG8DGn8NZDr4L95QxFfvAMs=
  /isarray/0.0.1:
    dev: false
    resolution:
      integrity: sha1-ihis/Kmo9Bd+Cav8YDiTmwXR7t8=
  /lcid/1.0.0:
    dependencies:
      invert-kv: 1.0.0
    dev: false
    engines:
      node: '>=0.10.0'
    resolution:
      integrity: sha1-MIrMr6C8SDo4Z7S28rlQYlHRuDU=
  /lodash/4.17.20:
    dev: false
    resolution:
      integrity: sha512-PlhdFcillOINfeV7Ni6oF1TAEayyZBoZ8bcshTHqOYJYlrqzRK5hagpagky5o4HfCzzd1TRkXPMFq6cKk9rGmA==
  /log4js/1.1.1:
    dependencies:
      debug: 2.6.9
      semver: 5.5.0
      streamroller: 0.4.1
    dev: false
    engines:
      node: '>=0.12'
    resolution:
      integrity: sha1-wh0px2BAieTyVYM+f5SzRh3h/0M=
  /lru-cache/4.0.2:
    dependencies:
      pseudomap: 1.0.2
      yallist: 2.1.2
    dev: false
    resolution:
      integrity: sha1-HRdnnAac2l0ECZGgnbwsDbN35V4=
  /minimatch/3.0.4:
    dependencies:
      brace-expansion: 1.1.11
    resolution:
      integrity: sha512-yJHVQEhyqPLUTgt9B83PXu6W3rx4MvvHvSUvToogpwoGDOUQ+yDrR0HRot+yOCdCO7u4hX3pWft6kWBBcqh0UA==
  /minimist/1.2.5:
    dev: false
    resolution:
      integrity: sha512-FM9nNUYrRBAELZQT3xeZQ7fmMOBg6nWNmJKTcgsJeaLstP/UODVpGsr5OhXhhXg6f+qtJ8uiZ+PUxkDWcgIXLw==
  /mkdirp/0.5.5:
    dependencies:
      minimist: 1.2.5
    dev: false
    hasBin: true
    resolution:
      integrity: sha512-NKmAlESf6jMGym1++R0Ra7wvhV+wFW63FaSOFPwRahvea0gMUcGUhVeAg/0BC0wiv9ih5NYPB1Wn1UEI1/L+xQ==
  /ms/2.0.0:
    dev: false
    resolution:
      integrity: sha1-VgiurfwAvmwpAd9fmGF4jeDVl8g=
  /nullthrows/1.0.0:
    dev: false
    resolution:
      integrity: sha1-NHFeU7nevgdQp3Iz/UlKWDWi2Zk=
  /number-is-nan/1.0.1:
    dev: false
    engines:
      node: '>=0.10.0'
    resolution:
      integrity: sha1-CXtgK1NCKlIsGvuHkDGDNpQaAR0=
  /once/1.4.0:
    dependencies:
      wrappy: 1.0.2
    resolution:
      integrity: sha1-WDsap3WWHUsROsF9nFC6753Xa9E=
  /os-locale/1.4.0:
    dependencies:
      lcid: 1.0.0
    dev: false
    engines:
      node: '>=0.10.0'
    resolution:
      integrity: sha1-IPnxeuKe00XoveWDsT0gCYA8FNk=
  /path-is-absolute/1.0.1:
    engines:
      node: '>=0.10.0'
    resolution:
      integrity: sha1-F0uSaHNVNP+8es5r9TpanhtcX18=
  /pseudomap/1.0.2:
    dev: false
    resolution:
      integrity: sha1-8FKijacOYYkX7wqKw0wa5aaChrM=
  /readable-stream/1.1.14:
    dependencies:
      core-util-is: 1.0.2
      inherits: 2.0.4
      isarray: 0.0.1
      string_decoder: 0.10.31
    dev: false
    resolution:
      integrity: sha1-fPTFTvZI44EwhMY23SB54WbAgdk=
  /redux-logger/3.0.6:
    dependencies:
      deep-diff: 0.3.8
    dev: false
    resolution:
      integrity: sha1-91VZZvMJjzyIYExEnPC69XeCdL8=
  /rimraf/2.6.2:
    dependencies:
      glob: 7.1.6
    dev: true
    hasBin: true
    resolution:
      integrity: sha512-lreewLK/BlghmxtfH36YYVg1i8IAce4TI7oao75I1g245+6BctqTVQiBP3YUJ9C6DQOXJmkYR9X9fCLtCOJc5w==
  /rimraf/2.7.1:
    dependencies:
      glob: 7.1.6
    dev: false
    hasBin: true
    resolution:
      integrity: sha512-uWjbaKIK3T1OSVptzX7Nl6PvQ3qAGtKEtVRjRuazjfL3Bx5eI409VZSqgND+4UNnmzLVdPj9FqFJNPqBZFve4w==
  /rxjs-compat/6.3.3:
    dev: false
    resolution:
      integrity: sha512-caGN7ixiabHpOofginKEquuHk7GgaCrC7UpUQ9ZqGp80tMc68msadOeP/2AKy2R4YJsT1+TX5GZCtxO82qWkyA==
  /season/6.0.2:
    dependencies:
      cson-parser: 1.3.5
      fs-plus: 3.1.1
      yargs: 3.32.0
    dev: false
    hasBin: true
    resolution:
      integrity: sha1-naWPsd3SSCTXYhstxjpxI7UCF7Y=
  /semver/5.5.0:
    dev: false
    hasBin: true
    resolution:
      integrity: sha512-4SJ3dm0WAwWy/NVeioZh5AntkdJoWKxHxcmyP622fOkgHa4z3R0TdBJICINyaSDE6uNwVc8gZr+ZinwZAH4xIA==
  /shallowequal/1.1.0:
    dev: false
    resolution:
      integrity: sha512-y0m1JoUZSlPAjXVtPPW70aZWfIL/dSP7AFkRnniLCrK/8MDKog3TySTBmckD+RObVxH0v4Tox67+F14PdED2oQ==
  /streamroller/0.4.1:
    dependencies:
      date-format: 0.0.0
      debug: 0.7.4
      mkdirp: 0.5.5
      readable-stream: 1.1.14
    dev: false
    engines:
      node: '>=0.12.0'
    resolution:
      integrity: sha1-1DW9WXQ3Or2b2QaDWVEwhRBswF8=
  /string-width/1.0.2:
    dependencies:
      code-point-at: 1.1.0
      is-fullwidth-code-point: 1.0.0
      strip-ansi: 3.0.1
    dev: false
    engines:
      node: '>=0.10.0'
    resolution:
      integrity: sha1-EYvfW4zcUaKn5w0hHgfisLmxB9M=
  /string_decoder/0.10.31:
    dev: false
    resolution:
      integrity: sha1-YuIDvEF2bGwoyfyEMB2rHFMQ+pQ=
  /strip-ansi/3.0.1:
    dependencies:
      ansi-regex: 2.1.1
    dev: false
    engines:
      node: '>=0.10.0'
    resolution:
      integrity: sha1-ajhfuIU9lS1f8F0Oiq+UJ43GPc8=
  /temp/0.9.1:
    dependencies:
      rimraf: 2.6.2
    dev: true
    engines:
      node: '>=6.0.0'
    resolution:
      integrity: sha512-WMuOgiua1xb5R56lE0eH6ivpVmg/lq2OHm4+LtT/xtEtPQ+sz6N3bBM6WZ5FvO1lO4IKIOb43qnhoc4qxP5OeA==
  /toml/2.3.3:
    dev: false
    resolution:
      integrity: sha512-O7L5hhSQHxuufWUdcTRPfuTh3phKfAZ/dqfxZFoxPCj2RYmpaSGLEIs016FCXItQwNr08yefUB5TSjzRYnajTA==
  /underscore-plus/1.7.0:
    dependencies:
      underscore: 1.11.0
    dev: false
    resolution:
      integrity: sha512-A3BEzkeicFLnr+U/Q3EyWwJAQPbA19mtZZ4h+lLq3ttm9kn8WC4R3YpuJZEXmWdLjYP47Zc8aLZm9kwdv+zzvA==
  /underscore/1.11.0:
    dev: false
    resolution:
      integrity: sha512-xY96SsN3NA461qIRKZ/+qox37YXPtSBswMGfiNptr+wrt6ds4HaMw23TP612fEyGekRE6LNRiLYr/aqbHXNedw==
  /vscode-jsonrpc/3.3.0:
    dev: false
    engines:
      node: '>=4.0.0 || >=6.0.0'
    resolution:
      integrity: sha512-a4dTM+nU6C9fNVfcZuJODpSiVsFNx/u5dwkEBbbPtftUhnnwlO9tacnudhKoY9+FVpSlgQ3QTR9rltRm0U8nhg==
  /window-size/0.1.4:
    dev: false
    engines:
      node: '>= 0.10.0'
    hasBin: true
    resolution:
      integrity: sha1-+OGqHuWlPsW/FR/6CXQqatdpeHY=
  /wrap-ansi/2.1.0:
    dependencies:
      string-width: 1.0.2
      strip-ansi: 3.0.1
    dev: false
    engines:
      node: '>=0.10.0'
    resolution:
      integrity: sha1-2Pw9KE3QV5T+hJc8rs3Rz4JP3YU=
  /wrappy/1.0.2:
    resolution:
      integrity: sha1-tSQ9jz7BqjXxNkYFvA0QNuMKtp8=
  /y18n/3.2.1:
    dev: false
    resolution:
      integrity: sha1-bRX7qITAhnnA136I53WegR4H+kE=
  /yallist/2.1.2:
    dev: false
    resolution:
      integrity: sha1-HBH5IY8HYImkfdUS+TxmmaaoHVI=
  /yargs/3.32.0:
    dependencies:
      camelcase: 2.1.1
      cliui: 3.2.0
      decamelize: 1.2.0
      os-locale: 1.4.0
      string-width: 1.0.2
      window-size: 0.1.4
      y18n: 3.2.1
    dev: false
    resolution:
      integrity: sha1-AwiOnr+edWtpdRYR0qXvWRSCyZU=
specifiers:
  '@atom-ide-community/nuclide-commons': 0.7.4
  escape-string-regexp: 1.0.5
  idb-keyval: 2.3.0
  idx: 1.2.0
  lodash: 4.17.20
  log4js: 1.1.1
  lru-cache: 4.0.2
  nullthrows: 1.0.0
  redux-logger: 3.0.6
  rxjs-compat: 6.3.3
  season: 6.0.2
  semver: 5.5.0
  shallowequal: 1.1.0
  temp: 0.9.1
  toml: 2.3.3
  vscode-jsonrpc: 3.3.0
